{
  "name": "avro-json-benchmarking",
  "version": "1.0.0",
  "lockfileVersion": 3,
  "requires": true,
  "packages": {
    "": {
      "name": "avro-json-benchmarking",
      "version": "1.0.0",
      "license": "ISC",
      "dependencies": {
        "avsc": "^5.7.8"
      }
    },
    "node_modules/avsc": {
      "version": "5.7.8",
      "resolved": "https://registry.npmjs.org/avsc/-/avsc-5.7.8.tgz",
      "integrity": "sha512-6SyyCw6XzdiNrkJ3UF9dIj0cVexNQAGxwjZ69CRgEneBxdDKjjc2IdfEJD11iP4BfwQWrL8HwR04bx/Y3uUNEA==",
      "engines": {
        "node": ">=0.11"
      }
    }
  }
}
